
Microsoft Visual Studio Solution File, Format Version 12.00
# Visual Studio Version 16
VisualStudioVersion = 16.0.34031.81
MinimumVisualStudioVersion = 10.0.40219.1
Project("{2150E333-8FDC-42A3-9474-1A3956D46DE8}") = "Services", "Services", "{67CBF011-6DA2-43ED-9ECE-85EEF6A73568}"
EndProject
Project("{2150E333-8FDC-42A3-9474-1A3956D46DE8}") = "Catalog", "Catalog", "{B788E853-7871-4268-BF3B-A95A428C9472}"
EndProject
Project("{9A19103F-16F7-4668-BE54-9A1E7A4F7556}") = "Catalog.API", "Services\Catalog\Catalog.API\Catalog.API.csproj", "{2410FE05-F7F8-425C-8F54-87DC31AB6FCB}"
EndProject
Project("{E53339B2-1760-4266-BCC7-CA923CBCF16C}") = "docker-compose", "docker-compose.dcproj", "{2DA039F2-EFF6-4704-B196-230E629F57F0}"
EndProject
Project("{2150E333-8FDC-42A3-9474-1A3956D46DE8}") = "Basket", "Basket", "{5B95582E-BF9C-4CF1-8B1E-7D7A8EF5B4E9}"
EndProject
Project("{9A19103F-16F7-4668-BE54-9A1E7A4F7556}") = "Basket.API", "Services\Basket\Basket.API\Basket.API.csproj", "{F473BF0B-0E3F-4167-A6A9-29CB71C530CC}"
EndProject
Project("{2150E333-8FDC-42A3-9474-1A3956D46DE8}") = "Discount", "Discount", "{E9B51E9A-FD68-4DDA-95B6-97123EEC1C9B}"
EndProject
Project("{9A19103F-16F7-4668-BE54-9A1E7A4F7556}") = "Discount.API", "Services\Discount\Discount.API\Discount.API.csproj", "{59B9C053-C8A3-412B-98D2-97CEFCC17E19}"
EndProject
Project("{9A19103F-16F7-4668-BE54-9A1E7A4F7556}") = "Discount.Grpc", "Services\Discount\Discount.Grpc\Discount.Grpc.csproj", "{8F4379E6-2D9E-460C-9FD7-BE20D85CD64D}"
EndProject
Project("{2150E333-8FDC-42A3-9474-1A3956D46DE8}") = "Ordering", "Ordering", "{53DF23EF-3437-4238-B389-0B3720F67DD1}"
EndProject
Project("{9A19103F-16F7-4668-BE54-9A1E7A4F7556}") = "Ordering.API", "Services\Ordering\Ordering.API\Ordering.API.csproj", "{773BBDF9-E84B-4D19-AF48-6B00441859FC}"
EndProject
Project("{9A19103F-16F7-4668-BE54-9A1E7A4F7556}") = "Ordering.Domain", "Services\Ordering\Ordering.Domain\Ordering.Domain.csproj", "{C1262001-3F6A-4531-902C-3C7B538D8BE6}"
EndProject
Project("{9A19103F-16F7-4668-BE54-9A1E7A4F7556}") = "Ordering.Application", "Services\Ordering\Ordering.Application\Ordering.Application.csproj", "{D1846DDF-A094-4F91-9AA1-6189C6B9551C}"
EndProject
Project("{9A19103F-16F7-4668-BE54-9A1E7A4F7556}") = "Ordering.Infrastructure", "Services\Ordering\Ordering.Infrastructure\Ordering.Infrastructure.csproj", "{28BEB6FB-54C7-409C-BB75-D33D0B3F0619}"
EndProject
Project("{2150E333-8FDC-42A3-9474-1A3956D46DE8}") = "BuildingsBlocks", "BuildingsBlocks", "{D98771A8-6F1B-43DA-9492-282C09482F57}"
EndProject
Project("{FAE04EC0-301F-11D3-BF4B-00C04F79EFBC}") = "EventBus.Messages", "BuildingBlocks\EventBus.Messages\EventBus.Messages.csproj", "{2446D9BD-7A52-4A9A-AFEF-C5777E37062A}"
EndProject
Global
	GlobalSection(SolutionConfigurationPlatforms) = preSolution
		Debug|Any CPU = Debug|Any CPU
		Release|Any CPU = Release|Any CPU
	EndGlobalSection
	GlobalSection(ProjectConfigurationPlatforms) = postSolution
		{2410FE05-F7F8-425C-8F54-87DC31AB6FCB}.Debug|Any CPU.ActiveCfg = Debug|Any CPU
		{2410FE05-F7F8-425C-8F54-87DC31AB6FCB}.Debug|Any CPU.Build.0 = Debug|Any CPU
		{2410FE05-F7F8-425C-8F54-87DC31AB6FCB}.Release|Any CPU.ActiveCfg = Release|Any CPU
		{2410FE05-F7F8-425C-8F54-87DC31AB6FCB}.Release|Any CPU.Build.0 = Release|Any CPU
		{2DA039F2-EFF6-4704-B196-230E629F57F0}.Debug|Any CPU.ActiveCfg = Debug|Any CPU
		{2DA039F2-EFF6-4704-B196-230E629F57F0}.Debug|Any CPU.Build.0 = Debug|Any CPU
		{2DA039F2-EFF6-4704-B196-230E629F57F0}.Release|Any CPU.ActiveCfg = Release|Any CPU
		{2DA039F2-EFF6-4704-B196-230E629F57F0}.Release|Any CPU.Build.0 = Release|Any CPU
		{F473BF0B-0E3F-4167-A6A9-29CB71C530CC}.Debug|Any CPU.ActiveCfg = Debug|Any CPU
		{F473BF0B-0E3F-4167-A6A9-29CB71C530CC}.Debug|Any CPU.Build.0 = Debug|Any CPU
		{F473BF0B-0E3F-4167-A6A9-29CB71C530CC}.Release|Any CPU.ActiveCfg = Release|Any CPU
		{F473BF0B-0E3F-4167-A6A9-29CB71C530CC}.Release|Any CPU.Build.0 = Release|Any CPU
		{59B9C053-C8A3-412B-98D2-97CEFCC17E19}.Debug|Any CPU.ActiveCfg = Debug|Any CPU
		{59B9C053-C8A3-412B-98D2-97CEFCC17E19}.Debug|Any CPU.Build.0 = Debug|Any CPU
		{59B9C053-C8A3-412B-98D2-97CEFCC17E19}.Release|Any CPU.ActiveCfg = Release|Any CPU
		{59B9C053-C8A3-412B-98D2-97CEFCC17E19}.Release|Any CPU.Build.0 = Release|Any CPU
		{8F4379E6-2D9E-460C-9FD7-BE20D85CD64D}.Debug|Any CPU.ActiveCfg = Debug|Any CPU
		{8F4379E6-2D9E-460C-9FD7-BE20D85CD64D}.Debug|Any CPU.Build.0 = Debug|Any CPU
		{8F4379E6-2D9E-460C-9FD7-BE20D85CD64D}.Release|Any CPU.ActiveCfg = Release|Any CPU
		{8F4379E6-2D9E-460C-9FD7-BE20D85CD64D}.Release|Any CPU.Build.0 = Release|Any CPU
		{773BBDF9-E84B-4D19-AF48-6B00441859FC}.Debug|Any CPU.ActiveCfg = Debug|Any CPU
		{773BBDF9-E84B-4D19-AF48-6B00441859FC}.Debug|Any CPU.Build.0 = Debug|Any CPU
		{773BBDF9-E84B-4D19-AF48-6B00441859FC}.Release|Any CPU.ActiveCfg = Release|Any CPU
		{773BBDF9-E84B-4D19-AF48-6B00441859FC}.Release|Any CPU.Build.0 = Release|Any CPU
		{C1262001-3F6A-4531-902C-3C7B538D8BE6}.Debug|Any CPU.ActiveCfg = Debug|Any CPU
		{C1262001-3F6A-4531-902C-3C7B538D8BE6}.Debug|Any CPU.Build.0 = Debug|Any CPU
		{C1262001-3F6A-4531-902C-3C7B538D8BE6}.Release|Any CPU.ActiveCfg = Release|Any CPU
		{C1262001-3F6A-4531-902C-3C7B538D8BE6}.Release|Any CPU.Build.0 = Release|Any CPU
		{D1846DDF-A094-4F91-9AA1-6189C6B9551C}.Debug|Any CPU.ActiveCfg = Debug|Any CPU
		{D1846DDF-A094-4F91-9AA1-6189C6B9551C}.Debug|Any CPU.Build.0 = Debug|Any CPU
		{D1846DDF-A094-4F91-9AA1-6189C6B9551C}.Release|Any CPU.ActiveCfg = Release|Any CPU
		{D1846DDF-A094-4F91-9AA1-6189C6B9551C}.Release|Any CPU.Build.0 = Release|Any CPU
		{28BEB6FB-54C7-409C-BB75-D33D0B3F0619}.Debug|Any CPU.ActiveCfg = Debug|Any CPU
		{28BEB6FB-54C7-409C-BB75-D33D0B3F0619}.Debug|Any CPU.Build.0 = Debug|Any CPU
		{28BEB6FB-54C7-409C-BB75-D33D0B3F0619}.Release|Any CPU.ActiveCfg = Release|Any CPU
		{28BEB6FB-54C7-409C-BB75-D33D0B3F0619}.Release|Any CPU.Build.0 = Release|Any CPU
		{2446D9BD-7A52-4A9A-AFEF-C5777E37062A}.Debug|Any CPU.ActiveCfg = Debug|Any CPU
		{2446D9BD-7A52-4A9A-AFEF-C5777E37062A}.Debug|Any CPU.Build.0 = Debug|Any CPU
		{2446D9BD-7A52-4A9A-AFEF-C5777E37062A}.Release|Any CPU.ActiveCfg = Release|Any CPU
		{2446D9BD-7A52-4A9A-AFEF-C5777E37062A}.Release|Any CPU.Build.0 = Release|Any CPU
	EndGlobalSection
	GlobalSection(SolutionProperties) = preSolution
		HideSolutionNode = FALSE
	EndGlobalSection
	GlobalSection(NestedProjects) = preSolution
		{B788E853-7871-4268-BF3B-A95A428C9472} = {67CBF011-6DA2-43ED-9ECE-85EEF6A73568}
		{2410FE05-F7F8-425C-8F54-87DC31AB6FCB} = {B788E853-7871-4268-BF3B-A95A428C9472}
		{5B95582E-BF9C-4CF1-8B1E-7D7A8EF5B4E9} = {67CBF011-6DA2-43ED-9ECE-85EEF6A73568}
		{F473BF0B-0E3F-4167-A6A9-29CB71C530CC} = {5B95582E-BF9C-4CF1-8B1E-7D7A8EF5B4E9}
		{E9B51E9A-FD68-4DDA-95B6-97123EEC1C9B} = {67CBF011-6DA2-43ED-9ECE-85EEF6A73568}
		{59B9C053-C8A3-412B-98D2-97CEFCC17E19} = {E9B51E9A-FD68-4DDA-95B6-97123EEC1C9B}
		{8F4379E6-2D9E-460C-9FD7-BE20D85CD64D} = {E9B51E9A-FD68-4DDA-95B6-97123EEC1C9B}
		{53DF23EF-3437-4238-B389-0B3720F67DD1} = {67CBF011-6DA2-43ED-9ECE-85EEF6A73568}
		{773BBDF9-E84B-4D19-AF48-6B00441859FC} = {53DF23EF-3437-4238-B389-0B3720F67DD1}
		{C1262001-3F6A-4531-902C-3C7B538D8BE6} = {53DF23EF-3437-4238-B389-0B3720F67DD1}
		{D1846DDF-A094-4F91-9AA1-6189C6B9551C} = {53DF23EF-3437-4238-B389-0B3720F67DD1}
		{28BEB6FB-54C7-409C-BB75-D33D0B3F0619} = {53DF23EF-3437-4238-B389-0B3720F67DD1}
		{2446D9BD-7A52-4A9A-AFEF-C5777E37062A} = {D98771A8-6F1B-43DA-9492-282C09482F57}
	EndGlobalSection
	GlobalSection(ExtensibilityGlobals) = postSolution
		SolutionGuid = {01E8FEA4-0105-4DF9-ACEC-7B72641C6BC8}
	EndGlobalSection
EndGlobal
